
Microsoft Visual Studio Solution File, Format Version 12.00
# Visual Studio Version 16
VisualStudioVersion = 16.0.30014.187
MinimumVisualStudioVersion = 10.0.40219.1
Project("{FAE04EC0-301F-11D3-BF4B-00C04F79EFBC}") = "IRCERApi", "IRCERApi\IRCERApi.csproj", "{562CA265-A71F-4D2B-A237-C7A65C7A7DAF}"
EndProject
Project("{2150E333-8FDC-42A3-9474-1A3956D46DE8}") = "API", "API", "{CFAF3894-86A0-4A93-8223-3C2F8CC8EB47}"
EndProject
Project("{2150E333-8FDC-42A3-9474-1A3956D46DE8}") = "Database", "Database", "{8C9DA719-70C6-4D6A-A47B-D1827F2B4D49}"
EndProject
Project("{00D1A9C2-B5F0-4AF3-8072-F6C62B433612}") = "IRCERData", "IRCERData\IRCERData.sqlproj", "{45387BB4-E092-4F66-986B-8032C9896967}"
EndProject
Project("{FAE04EC0-301F-11D3-BF4B-00C04F79EFBC}") = "IRCERDataManager.Library", "IRCERDataManager.Library\IRCERDataManager.Library.csproj", "{B63CAB0F-A5EA-4B64-93FC-7076A75D6C76}"
EndProject
Project("{2150E333-8FDC-42A3-9474-1A3956D46DE8}") = "BlazorUI", "BlazorUI", "{9A95C6B0-2890-451C-BF05-844C4D37808C}"
EndProject
Project("{FAE04EC0-301F-11D3-BF4B-00C04F79EFBC}") = "IRCERUI.Library", "IRCERUI.Library\IRCERUI.Library.csproj", "{375F0406-E5CF-4F98-84BA-367651432D78}"
EndProject
Project("{FAE04EC0-301F-11D3-BF4B-00C04F79EFBC}") = "IRCERUI", "IRCERUI\IRCERUI.csproj", "{49B52E3C-DB32-4A08-9115-E87B7CF6C68A}"
EndProject
Global
	GlobalSection(SolutionConfigurationPlatforms) = preSolution
		Debug|Any CPU = Debug|Any CPU
		Release|Any CPU = Release|Any CPU
	EndGlobalSection
	GlobalSection(ProjectConfigurationPlatforms) = postSolution
		{562CA265-A71F-4D2B-A237-C7A65C7A7DAF}.Debug|Any CPU.ActiveCfg = Debug|Any CPU
		{562CA265-A71F-4D2B-A237-C7A65C7A7DAF}.Debug|Any CPU.Build.0 = Debug|Any CPU
		{562CA265-A71F-4D2B-A237-C7A65C7A7DAF}.Release|Any CPU.ActiveCfg = Release|Any CPU
		{562CA265-A71F-4D2B-A237-C7A65C7A7DAF}.Release|Any CPU.Build.0 = Release|Any CPU
		{45387BB4-E092-4F66-986B-8032C9896967}.Debug|Any CPU.ActiveCfg = Debug|Any CPU
		{45387BB4-E092-4F66-986B-8032C9896967}.Debug|Any CPU.Build.0 = Debug|Any CPU
		{45387BB4-E092-4F66-986B-8032C9896967}.Debug|Any CPU.Deploy.0 = Debug|Any CPU
		{45387BB4-E092-4F66-986B-8032C9896967}.Release|Any CPU.ActiveCfg = Release|Any CPU
		{45387BB4-E092-4F66-986B-8032C9896967}.Release|Any CPU.Build.0 = Release|Any CPU
		{45387BB4-E092-4F66-986B-8032C9896967}.Release|Any CPU.Deploy.0 = Release|Any CPU
		{B63CAB0F-A5EA-4B64-93FC-7076A75D6C76}.Debug|Any CPU.ActiveCfg = Debug|Any CPU
		{B63CAB0F-A5EA-4B64-93FC-7076A75D6C76}.Debug|Any CPU.Build.0 = Debug|Any CPU
		{B63CAB0F-A5EA-4B64-93FC-7076A75D6C76}.Release|Any CPU.ActiveCfg = Release|Any CPU
		{B63CAB0F-A5EA-4B64-93FC-7076A75D6C76}.Release|Any CPU.Build.0 = Release|Any CPU
		{375F0406-E5CF-4F98-84BA-367651432D78}.Debug|Any CPU.ActiveCfg = Debug|Any CPU
		{375F0406-E5CF-4F98-84BA-367651432D78}.Debug|Any CPU.Build.0 = Debug|Any CPU
		{375F0406-E5CF-4F98-84BA-367651432D78}.Release|Any CPU.ActiveCfg = Release|Any CPU
		{375F0406-E5CF-4F98-84BA-367651432D78}.Release|Any CPU.Build.0 = Release|Any CPU
		{49B52E3C-DB32-4A08-9115-E87B7CF6C68A}.Debug|Any CPU.ActiveCfg = Debug|Any CPU
		{49B52E3C-DB32-4A08-9115-E87B7CF6C68A}.Debug|Any CPU.Build.0 = Debug|Any CPU
		{49B52E3C-DB32-4A08-9115-E87B7CF6C68A}.Release|Any CPU.ActiveCfg = Release|Any CPU
		{49B52E3C-DB32-4A08-9115-E87B7CF6C68A}.Release|Any CPU.Build.0 = Release|Any CPU
	EndGlobalSection
	GlobalSection(SolutionProperties) = preSolution
		HideSolutionNode = FALSE
	EndGlobalSection
	GlobalSection(NestedProjects) = preSolution
		{562CA265-A71F-4D2B-A237-C7A65C7A7DAF} = {CFAF3894-86A0-4A93-8223-3C2F8CC8EB47}
		{45387BB4-E092-4F66-986B-8032C9896967} = {8C9DA719-70C6-4D6A-A47B-D1827F2B4D49}
		{B63CAB0F-A5EA-4B64-93FC-7076A75D6C76} = {CFAF3894-86A0-4A93-8223-3C2F8CC8EB47}
		{375F0406-E5CF-4F98-84BA-367651432D78} = {9A95C6B0-2890-451C-BF05-844C4D37808C}
		{49B52E3C-DB32-4A08-9115-E87B7CF6C68A} = {9A95C6B0-2890-451C-BF05-844C4D37808C}
	EndGlobalSection
	GlobalSection(ExtensibilityGlobals) = postSolution
		SolutionGuid = {ACB23230-5B7A-4727-8233-09783E013A46}
	EndGlobalSection
EndGlobal
