
Microsoft Visual Studio Solution File, Format Version 12.00
# Visual Studio Version 16
VisualStudioVersion = 16.0.30014.187
MinimumVisualStudioVersion = 10.0.40219.1
Project("{2150E333-8FDC-42A3-9474-1A3956D46DE8}") = "API", "API", "{CFAF3894-86A0-4A93-8223-3C2F8CC8EB47}"
EndProject
Project("{2150E333-8FDC-42A3-9474-1A3956D46DE8}") = "Database", "Database", "{8C9DA719-70C6-4D6A-A47B-D1827F2B4D49}"
EndProject
Project("{2150E333-8FDC-42A3-9474-1A3956D46DE8}") = "BlazorUI", "BlazorUI", "{9A95C6B0-2890-451C-BF05-844C4D37808C}"
EndProject
Project("{2150E333-8FDC-42A3-9474-1A3956D46DE8}") = "Tests", "Tests", "{1EE3CD2B-50B5-4575-A5BD-D08CE0FB92CE}"
EndProject
Project("{2150E333-8FDC-42A3-9474-1A3956D46DE8}") = "API Tests", "API Tests", "{C3F25489-2AD6-45F9-B185-06269AA175D7}"
EndProject
Project("{2150E333-8FDC-42A3-9474-1A3956D46DE8}") = "IRCERUI Tests", "IRCERUI Tests", "{8763B59F-9B61-48CB-8935-80D383C003AA}"
EndProject
Project("{9A19103F-16F7-4668-BE54-9A1E7A4F7556}") = "IRCERApi", "IRCERApi\IRCERApi.csproj", "{70AC225F-5CF2-4ED0-B4A4-BC2EE453F83A}"
EndProject
Project("{9A19103F-16F7-4668-BE54-9A1E7A4F7556}") = "IRCERApi.Integration.Tests", "IRCERApi.Integration.Tests\IRCERApi.Integration.Tests.csproj", "{3FFBBAD1-7EE1-4C87-B48D-3C5A91C5ADFD}"
EndProject
Project("{9A19103F-16F7-4668-BE54-9A1E7A4F7556}") = "IRCERApiDataManager.Library", "IRCERApiDataManager.Library\IRCERApiDataManager.Library.csproj", "{1012386A-23A1-4572-9C98-9D156620B713}"
EndProject
Project("{9A19103F-16F7-4668-BE54-9A1E7A4F7556}") = "IRCERApi.UnitTests", "IRCERApi_UnitTests\IRCERApi.UnitTests.csproj", "{1507EC06-3BA8-4275-8C49-EBC31AA77393}"
	ProjectSection(ProjectDependencies) = postProject
		{70AC225F-5CF2-4ED0-B4A4-BC2EE453F83A} = {70AC225F-5CF2-4ED0-B4A4-BC2EE453F83A}
	EndProjectSection
EndProject
Project("{9A19103F-16F7-4668-BE54-9A1E7A4F7556}") = "IRCERApiDataManager.Library.UnitTests", "IRCERApiDataManager.Library_UnitTests\IRCERApiDataManager.Library.UnitTests.csproj", "{849647D1-C327-4ABF-AFC1-CFAD358E4E17}"
EndProject
Project("{9A19103F-16F7-4668-BE54-9A1E7A4F7556}") = "TestHelpers", "TestHelpers\TestHelpers.csproj", "{72EF82F3-E03F-4E58-8D3F-93FF64DBA6F4}"
	ProjectSection(ProjectDependencies) = postProject
		{70AC225F-5CF2-4ED0-B4A4-BC2EE453F83A} = {70AC225F-5CF2-4ED0-B4A4-BC2EE453F83A}
		{1012386A-23A1-4572-9C98-9D156620B713} = {1012386A-23A1-4572-9C98-9D156620B713}
	EndProjectSection
EndProject
Project("{9A19103F-16F7-4668-BE54-9A1E7A4F7556}") = "IRCERUI", "IRCERUI\IRCERUI.csproj", "{1486FF3D-FE93-4B4A-9572-ADD23627B06A}"
EndProject
Project("{9A19103F-16F7-4668-BE54-9A1E7A4F7556}") = "IRCERUI.Library", "IRCERUI.Library\IRCERUI.Library.csproj", "{9FD2E703-BA52-40A8-8434-0D871F05FBCF}"
EndProject
Project("{00D1A9C2-B5F0-4AF3-8072-F6C62B433612}") = "IRCERData", "IRCERData\IRCERData.sqlproj", "{06BA7C8D-05B0-4FCC-9D87-C6ECFBC6DEAA}"
EndProject
Project("{9A19103F-16F7-4668-BE54-9A1E7A4F7556}") = "IRCERUI.UnitTests", "IRCERUI.UnitTests\IRCERUI.UnitTests.csproj", "{C3BD544B-7058-41B8-BD48-53F75E5A3793}"
	ProjectSection(ProjectDependencies) = postProject
		{1486FF3D-FE93-4B4A-9572-ADD23627B06A} = {1486FF3D-FE93-4B4A-9572-ADD23627B06A}
	EndProjectSection
EndProject
Project("{9A19103F-16F7-4668-BE54-9A1E7A4F7556}") = "IRCERUI.Library.UnitTests", "IRCERUI.Library_UnitTests\IRCERUI.Library.UnitTests.csproj", "{01B17887-E50C-4B94-A5CC-D2A8B8C32125}"
EndProject
Global
	GlobalSection(SolutionConfigurationPlatforms) = preSolution
		Debug|Any CPU = Debug|Any CPU
		Release|Any CPU = Release|Any CPU
	EndGlobalSection
	GlobalSection(ProjectConfigurationPlatforms) = postSolution
		{70AC225F-5CF2-4ED0-B4A4-BC2EE453F83A}.Debug|Any CPU.ActiveCfg = Debug|Any CPU
		{70AC225F-5CF2-4ED0-B4A4-BC2EE453F83A}.Debug|Any CPU.Build.0 = Debug|Any CPU
		{70AC225F-5CF2-4ED0-B4A4-BC2EE453F83A}.Release|Any CPU.ActiveCfg = Release|Any CPU
		{70AC225F-5CF2-4ED0-B4A4-BC2EE453F83A}.Release|Any CPU.Build.0 = Release|Any CPU
		{3FFBBAD1-7EE1-4C87-B48D-3C5A91C5ADFD}.Debug|Any CPU.ActiveCfg = Debug|Any CPU
		{3FFBBAD1-7EE1-4C87-B48D-3C5A91C5ADFD}.Debug|Any CPU.Build.0 = Debug|Any CPU
		{3FFBBAD1-7EE1-4C87-B48D-3C5A91C5ADFD}.Release|Any CPU.ActiveCfg = Release|Any CPU
		{3FFBBAD1-7EE1-4C87-B48D-3C5A91C5ADFD}.Release|Any CPU.Build.0 = Release|Any CPU
		{1012386A-23A1-4572-9C98-9D156620B713}.Debug|Any CPU.ActiveCfg = Debug|Any CPU
		{1012386A-23A1-4572-9C98-9D156620B713}.Debug|Any CPU.Build.0 = Debug|Any CPU
		{1012386A-23A1-4572-9C98-9D156620B713}.Release|Any CPU.ActiveCfg = Release|Any CPU
		{1012386A-23A1-4572-9C98-9D156620B713}.Release|Any CPU.Build.0 = Release|Any CPU
		{1507EC06-3BA8-4275-8C49-EBC31AA77393}.Debug|Any CPU.ActiveCfg = Debug|Any CPU
		{1507EC06-3BA8-4275-8C49-EBC31AA77393}.Debug|Any CPU.Build.0 = Debug|Any CPU
		{1507EC06-3BA8-4275-8C49-EBC31AA77393}.Release|Any CPU.ActiveCfg = Release|Any CPU
		{1507EC06-3BA8-4275-8C49-EBC31AA77393}.Release|Any CPU.Build.0 = Release|Any CPU
		{849647D1-C327-4ABF-AFC1-CFAD358E4E17}.Debug|Any CPU.ActiveCfg = Debug|Any CPU
		{849647D1-C327-4ABF-AFC1-CFAD358E4E17}.Debug|Any CPU.Build.0 = Debug|Any CPU
		{849647D1-C327-4ABF-AFC1-CFAD358E4E17}.Release|Any CPU.ActiveCfg = Release|Any CPU
		{849647D1-C327-4ABF-AFC1-CFAD358E4E17}.Release|Any CPU.Build.0 = Release|Any CPU
		{72EF82F3-E03F-4E58-8D3F-93FF64DBA6F4}.Debug|Any CPU.ActiveCfg = Debug|Any CPU
		{72EF82F3-E03F-4E58-8D3F-93FF64DBA6F4}.Debug|Any CPU.Build.0 = Debug|Any CPU
		{72EF82F3-E03F-4E58-8D3F-93FF64DBA6F4}.Release|Any CPU.ActiveCfg = Release|Any CPU
		{72EF82F3-E03F-4E58-8D3F-93FF64DBA6F4}.Release|Any CPU.Build.0 = Release|Any CPU
		{1486FF3D-FE93-4B4A-9572-ADD23627B06A}.Debug|Any CPU.ActiveCfg = Debug|Any CPU
		{1486FF3D-FE93-4B4A-9572-ADD23627B06A}.Debug|Any CPU.Build.0 = Debug|Any CPU
		{1486FF3D-FE93-4B4A-9572-ADD23627B06A}.Release|Any CPU.ActiveCfg = Release|Any CPU
		{1486FF3D-FE93-4B4A-9572-ADD23627B06A}.Release|Any CPU.Build.0 = Release|Any CPU
		{9FD2E703-BA52-40A8-8434-0D871F05FBCF}.Debug|Any CPU.ActiveCfg = Debug|Any CPU
		{9FD2E703-BA52-40A8-8434-0D871F05FBCF}.Debug|Any CPU.Build.0 = Debug|Any CPU
		{9FD2E703-BA52-40A8-8434-0D871F05FBCF}.Release|Any CPU.ActiveCfg = Release|Any CPU
		{9FD2E703-BA52-40A8-8434-0D871F05FBCF}.Release|Any CPU.Build.0 = Release|Any CPU
		{06BA7C8D-05B0-4FCC-9D87-C6ECFBC6DEAA}.Debug|Any CPU.ActiveCfg = Debug|Any CPU
		{06BA7C8D-05B0-4FCC-9D87-C6ECFBC6DEAA}.Debug|Any CPU.Build.0 = Debug|Any CPU
		{06BA7C8D-05B0-4FCC-9D87-C6ECFBC6DEAA}.Debug|Any CPU.Deploy.0 = Debug|Any CPU
		{06BA7C8D-05B0-4FCC-9D87-C6ECFBC6DEAA}.Release|Any CPU.ActiveCfg = Release|Any CPU
		{06BA7C8D-05B0-4FCC-9D87-C6ECFBC6DEAA}.Release|Any CPU.Build.0 = Release|Any CPU
		{06BA7C8D-05B0-4FCC-9D87-C6ECFBC6DEAA}.Release|Any CPU.Deploy.0 = Release|Any CPU
		{C3BD544B-7058-41B8-BD48-53F75E5A3793}.Debug|Any CPU.ActiveCfg = Debug|Any CPU
		{C3BD544B-7058-41B8-BD48-53F75E5A3793}.Debug|Any CPU.Build.0 = Debug|Any CPU
		{C3BD544B-7058-41B8-BD48-53F75E5A3793}.Release|Any CPU.ActiveCfg = Release|Any CPU
		{C3BD544B-7058-41B8-BD48-53F75E5A3793}.Release|Any CPU.Build.0 = Release|Any CPU
		{01B17887-E50C-4B94-A5CC-D2A8B8C32125}.Debug|Any CPU.ActiveCfg = Debug|Any CPU
		{01B17887-E50C-4B94-A5CC-D2A8B8C32125}.Debug|Any CPU.Build.0 = Debug|Any CPU
		{01B17887-E50C-4B94-A5CC-D2A8B8C32125}.Release|Any CPU.ActiveCfg = Release|Any CPU
		{01B17887-E50C-4B94-A5CC-D2A8B8C32125}.Release|Any CPU.Build.0 = Release|Any CPU
	EndGlobalSection
	GlobalSection(SolutionProperties) = preSolution
		HideSolutionNode = FALSE
	EndGlobalSection
	GlobalSection(NestedProjects) = preSolution
		{C3F25489-2AD6-45F9-B185-06269AA175D7} = {1EE3CD2B-50B5-4575-A5BD-D08CE0FB92CE}
		{8763B59F-9B61-48CB-8935-80D383C003AA} = {1EE3CD2B-50B5-4575-A5BD-D08CE0FB92CE}
		{70AC225F-5CF2-4ED0-B4A4-BC2EE453F83A} = {CFAF3894-86A0-4A93-8223-3C2F8CC8EB47}
		{3FFBBAD1-7EE1-4C87-B48D-3C5A91C5ADFD} = {C3F25489-2AD6-45F9-B185-06269AA175D7}
		{1012386A-23A1-4572-9C98-9D156620B713} = {CFAF3894-86A0-4A93-8223-3C2F8CC8EB47}
		{1507EC06-3BA8-4275-8C49-EBC31AA77393} = {C3F25489-2AD6-45F9-B185-06269AA175D7}
		{849647D1-C327-4ABF-AFC1-CFAD358E4E17} = {C3F25489-2AD6-45F9-B185-06269AA175D7}
		{72EF82F3-E03F-4E58-8D3F-93FF64DBA6F4} = {1EE3CD2B-50B5-4575-A5BD-D08CE0FB92CE}
		{1486FF3D-FE93-4B4A-9572-ADD23627B06A} = {9A95C6B0-2890-451C-BF05-844C4D37808C}
		{9FD2E703-BA52-40A8-8434-0D871F05FBCF} = {9A95C6B0-2890-451C-BF05-844C4D37808C}
		{06BA7C8D-05B0-4FCC-9D87-C6ECFBC6DEAA} = {8C9DA719-70C6-4D6A-A47B-D1827F2B4D49}
		{C3BD544B-7058-41B8-BD48-53F75E5A3793} = {8763B59F-9B61-48CB-8935-80D383C003AA}
		{01B17887-E50C-4B94-A5CC-D2A8B8C32125} = {8763B59F-9B61-48CB-8935-80D383C003AA}
	EndGlobalSection
	GlobalSection(ExtensibilityGlobals) = postSolution
		SolutionGuid = {ACB23230-5B7A-4727-8233-09783E013A46}
	EndGlobalSection
EndGlobal
