
Microsoft Visual Studio Solution File, Format Version 12.00
# Visual Studio Version 16
VisualStudioVersion = 16.0.30014.187
MinimumVisualStudioVersion = 10.0.40219.1
Project("{9A19103F-16F7-4668-BE54-9A1E7A4F7556}") = "IRCERApi", "IRCERApi\IRCERApi.csproj", "{562CA265-A71F-4D2B-A237-C7A65C7A7DAF}"
EndProject
Project("{2150E333-8FDC-42A3-9474-1A3956D46DE8}") = "API", "API", "{CFAF3894-86A0-4A93-8223-3C2F8CC8EB47}"
EndProject
Project("{2150E333-8FDC-42A3-9474-1A3956D46DE8}") = "Database", "Database", "{8C9DA719-70C6-4D6A-A47B-D1827F2B4D49}"
EndProject
Project("{9A19103F-16F7-4668-BE54-9A1E7A4F7556}") = "IRCERDataManager.Library", "IRCERDataManager.Library\IRCERDataManager.Library.csproj", "{B63CAB0F-A5EA-4B64-93FC-7076A75D6C76}"
EndProject
Project("{2150E333-8FDC-42A3-9474-1A3956D46DE8}") = "BlazorUI", "BlazorUI", "{9A95C6B0-2890-451C-BF05-844C4D37808C}"
EndProject
Project("{9A19103F-16F7-4668-BE54-9A1E7A4F7556}") = "IRCERUI.Library", "IRCERUI.Library\IRCERUI.Library.csproj", "{375F0406-E5CF-4F98-84BA-367651432D78}"
EndProject
Project("{9A19103F-16F7-4668-BE54-9A1E7A4F7556}") = "IRCERUI", "IRCERUI\IRCERUI.csproj", "{49B52E3C-DB32-4A08-9115-E87B7CF6C68A}"
EndProject
Project("{2150E333-8FDC-42A3-9474-1A3956D46DE8}") = "Tests", "Tests", "{1EE3CD2B-50B5-4575-A5BD-D08CE0FB92CE}"
EndProject
Project("{9A19103F-16F7-4668-BE54-9A1E7A4F7556}") = "IRCERApi.UnitTests", "IRCERApi_UnitTests\IRCERApi.UnitTests.csproj", "{173B2D26-E93C-4359-A983-7D70CFFB893D}"
EndProject
Project("{9A19103F-16F7-4668-BE54-9A1E7A4F7556}") = "IRCERDataManager.Library.UnitTests", "IRCERDataManager.Library_UnitTests\IRCERDataManager.Library.UnitTests.csproj", "{ED9EAEE0-EBAD-42F1-8A91-4380A90A5D76}"
EndProject
Project("{9A19103F-16F7-4668-BE54-9A1E7A4F7556}") = "IRCERUI.Library.UnitTests", "IRCERUI.Library_UnitTests\IRCERUI.Library.UnitTests.csproj", "{8D81B542-DD0B-4FF6-854B-03D85F3CB2C3}"
EndProject
Project("{2150E333-8FDC-42A3-9474-1A3956D46DE8}") = "API Tests", "API Tests", "{C3F25489-2AD6-45F9-B185-06269AA175D7}"
EndProject
Project("{2150E333-8FDC-42A3-9474-1A3956D46DE8}") = "IRCERUI Tests", "IRCERUI Tests", "{8763B59F-9B61-48CB-8935-80D383C003AA}"
EndProject
Project("{9A19103F-16F7-4668-BE54-9A1E7A4F7556}") = "IRCERUI.UnitTests", "IRCERUI.UnitTests\IRCERUI.UnitTests.csproj", "{88197B86-1595-43BF-A9B8-5297FCE574DD}"
EndProject
Project("{00D1A9C2-B5F0-4AF3-8072-F6C62B433612}") = "IRCERData", "IRCERData\IRCERData.sqlproj", "{06BA7C8D-05B0-4FCC-9D87-C6ECFBC6DEAA}"
EndProject
Project("{9A19103F-16F7-4668-BE54-9A1E7A4F7556}") = "TestHelpers", "TestHelpers\TestHelpers.csproj", "{2CBEA95C-28A8-4FA9-A5D9-6F5671385A6F}"
EndProject
Project("{FAE04EC0-301F-11D3-BF4B-00C04F79EFBC}") = "IRCERApi.Integration.Tests", "IRCERApi.Integration.Tests\IRCERApi.Integration.Tests.csproj", "{031F1A64-25B2-465A-B3F9-B4F96872C2B5}"
EndProject
Global
	GlobalSection(SolutionConfigurationPlatforms) = preSolution
		Debug|Any CPU = Debug|Any CPU
		Release|Any CPU = Release|Any CPU
	EndGlobalSection
	GlobalSection(ProjectConfigurationPlatforms) = postSolution
		{562CA265-A71F-4D2B-A237-C7A65C7A7DAF}.Debug|Any CPU.ActiveCfg = Debug|Any CPU
		{562CA265-A71F-4D2B-A237-C7A65C7A7DAF}.Debug|Any CPU.Build.0 = Debug|Any CPU
		{562CA265-A71F-4D2B-A237-C7A65C7A7DAF}.Release|Any CPU.ActiveCfg = Release|Any CPU
		{562CA265-A71F-4D2B-A237-C7A65C7A7DAF}.Release|Any CPU.Build.0 = Release|Any CPU
		{B63CAB0F-A5EA-4B64-93FC-7076A75D6C76}.Debug|Any CPU.ActiveCfg = Debug|Any CPU
		{B63CAB0F-A5EA-4B64-93FC-7076A75D6C76}.Debug|Any CPU.Build.0 = Debug|Any CPU
		{B63CAB0F-A5EA-4B64-93FC-7076A75D6C76}.Release|Any CPU.ActiveCfg = Release|Any CPU
		{B63CAB0F-A5EA-4B64-93FC-7076A75D6C76}.Release|Any CPU.Build.0 = Release|Any CPU
		{375F0406-E5CF-4F98-84BA-367651432D78}.Debug|Any CPU.ActiveCfg = Debug|Any CPU
		{375F0406-E5CF-4F98-84BA-367651432D78}.Debug|Any CPU.Build.0 = Debug|Any CPU
		{375F0406-E5CF-4F98-84BA-367651432D78}.Release|Any CPU.ActiveCfg = Release|Any CPU
		{375F0406-E5CF-4F98-84BA-367651432D78}.Release|Any CPU.Build.0 = Release|Any CPU
		{49B52E3C-DB32-4A08-9115-E87B7CF6C68A}.Debug|Any CPU.ActiveCfg = Debug|Any CPU
		{49B52E3C-DB32-4A08-9115-E87B7CF6C68A}.Debug|Any CPU.Build.0 = Debug|Any CPU
		{49B52E3C-DB32-4A08-9115-E87B7CF6C68A}.Release|Any CPU.ActiveCfg = Release|Any CPU
		{49B52E3C-DB32-4A08-9115-E87B7CF6C68A}.Release|Any CPU.Build.0 = Release|Any CPU
		{173B2D26-E93C-4359-A983-7D70CFFB893D}.Debug|Any CPU.ActiveCfg = Debug|Any CPU
		{173B2D26-E93C-4359-A983-7D70CFFB893D}.Debug|Any CPU.Build.0 = Debug|Any CPU
		{173B2D26-E93C-4359-A983-7D70CFFB893D}.Release|Any CPU.ActiveCfg = Release|Any CPU
		{173B2D26-E93C-4359-A983-7D70CFFB893D}.Release|Any CPU.Build.0 = Release|Any CPU
		{ED9EAEE0-EBAD-42F1-8A91-4380A90A5D76}.Debug|Any CPU.ActiveCfg = Debug|Any CPU
		{ED9EAEE0-EBAD-42F1-8A91-4380A90A5D76}.Debug|Any CPU.Build.0 = Debug|Any CPU
		{ED9EAEE0-EBAD-42F1-8A91-4380A90A5D76}.Release|Any CPU.ActiveCfg = Release|Any CPU
		{ED9EAEE0-EBAD-42F1-8A91-4380A90A5D76}.Release|Any CPU.Build.0 = Release|Any CPU
		{8D81B542-DD0B-4FF6-854B-03D85F3CB2C3}.Debug|Any CPU.ActiveCfg = Debug|Any CPU
		{8D81B542-DD0B-4FF6-854B-03D85F3CB2C3}.Debug|Any CPU.Build.0 = Debug|Any CPU
		{8D81B542-DD0B-4FF6-854B-03D85F3CB2C3}.Release|Any CPU.ActiveCfg = Release|Any CPU
		{8D81B542-DD0B-4FF6-854B-03D85F3CB2C3}.Release|Any CPU.Build.0 = Release|Any CPU
		{88197B86-1595-43BF-A9B8-5297FCE574DD}.Debug|Any CPU.ActiveCfg = Debug|Any CPU
		{88197B86-1595-43BF-A9B8-5297FCE574DD}.Debug|Any CPU.Build.0 = Debug|Any CPU
		{88197B86-1595-43BF-A9B8-5297FCE574DD}.Release|Any CPU.ActiveCfg = Release|Any CPU
		{88197B86-1595-43BF-A9B8-5297FCE574DD}.Release|Any CPU.Build.0 = Release|Any CPU
		{06BA7C8D-05B0-4FCC-9D87-C6ECFBC6DEAA}.Debug|Any CPU.ActiveCfg = Debug|Any CPU
		{06BA7C8D-05B0-4FCC-9D87-C6ECFBC6DEAA}.Debug|Any CPU.Build.0 = Debug|Any CPU
		{06BA7C8D-05B0-4FCC-9D87-C6ECFBC6DEAA}.Debug|Any CPU.Deploy.0 = Debug|Any CPU
		{06BA7C8D-05B0-4FCC-9D87-C6ECFBC6DEAA}.Release|Any CPU.ActiveCfg = Release|Any CPU
		{06BA7C8D-05B0-4FCC-9D87-C6ECFBC6DEAA}.Release|Any CPU.Build.0 = Release|Any CPU
		{06BA7C8D-05B0-4FCC-9D87-C6ECFBC6DEAA}.Release|Any CPU.Deploy.0 = Release|Any CPU
		{2CBEA95C-28A8-4FA9-A5D9-6F5671385A6F}.Debug|Any CPU.ActiveCfg = Debug|Any CPU
		{2CBEA95C-28A8-4FA9-A5D9-6F5671385A6F}.Debug|Any CPU.Build.0 = Debug|Any CPU
		{2CBEA95C-28A8-4FA9-A5D9-6F5671385A6F}.Release|Any CPU.ActiveCfg = Release|Any CPU
		{2CBEA95C-28A8-4FA9-A5D9-6F5671385A6F}.Release|Any CPU.Build.0 = Release|Any CPU
		{031F1A64-25B2-465A-B3F9-B4F96872C2B5}.Debug|Any CPU.ActiveCfg = Debug|Any CPU
		{031F1A64-25B2-465A-B3F9-B4F96872C2B5}.Debug|Any CPU.Build.0 = Debug|Any CPU
		{031F1A64-25B2-465A-B3F9-B4F96872C2B5}.Release|Any CPU.ActiveCfg = Release|Any CPU
		{031F1A64-25B2-465A-B3F9-B4F96872C2B5}.Release|Any CPU.Build.0 = Release|Any CPU
	EndGlobalSection
	GlobalSection(SolutionProperties) = preSolution
		HideSolutionNode = FALSE
	EndGlobalSection
	GlobalSection(NestedProjects) = preSolution
		{562CA265-A71F-4D2B-A237-C7A65C7A7DAF} = {CFAF3894-86A0-4A93-8223-3C2F8CC8EB47}
		{B63CAB0F-A5EA-4B64-93FC-7076A75D6C76} = {CFAF3894-86A0-4A93-8223-3C2F8CC8EB47}
		{375F0406-E5CF-4F98-84BA-367651432D78} = {9A95C6B0-2890-451C-BF05-844C4D37808C}
		{49B52E3C-DB32-4A08-9115-E87B7CF6C68A} = {9A95C6B0-2890-451C-BF05-844C4D37808C}
		{173B2D26-E93C-4359-A983-7D70CFFB893D} = {C3F25489-2AD6-45F9-B185-06269AA175D7}
		{ED9EAEE0-EBAD-42F1-8A91-4380A90A5D76} = {C3F25489-2AD6-45F9-B185-06269AA175D7}
		{8D81B542-DD0B-4FF6-854B-03D85F3CB2C3} = {8763B59F-9B61-48CB-8935-80D383C003AA}
		{C3F25489-2AD6-45F9-B185-06269AA175D7} = {1EE3CD2B-50B5-4575-A5BD-D08CE0FB92CE}
		{8763B59F-9B61-48CB-8935-80D383C003AA} = {1EE3CD2B-50B5-4575-A5BD-D08CE0FB92CE}
		{88197B86-1595-43BF-A9B8-5297FCE574DD} = {8763B59F-9B61-48CB-8935-80D383C003AA}
		{06BA7C8D-05B0-4FCC-9D87-C6ECFBC6DEAA} = {8C9DA719-70C6-4D6A-A47B-D1827F2B4D49}
		{2CBEA95C-28A8-4FA9-A5D9-6F5671385A6F} = {1EE3CD2B-50B5-4575-A5BD-D08CE0FB92CE}
		{031F1A64-25B2-465A-B3F9-B4F96872C2B5} = {C3F25489-2AD6-45F9-B185-06269AA175D7}
	EndGlobalSection
	GlobalSection(ExtensibilityGlobals) = postSolution
		SolutionGuid = {ACB23230-5B7A-4727-8233-09783E013A46}
	EndGlobalSection
EndGlobal
